
Microsoft Visual Studio Solution File, Format Version 12.00
# Visual Studio Version 17
VisualStudioVersion = 17.1.32407.343
MinimumVisualStudioVersion = 10.0.40219.1
Project("{FAE04EC0-301F-11D3-BF4B-00C04F79EFBC}") = "imobiliaria", "imobiliaria.csproj", "{EDBDC0FE-837F-4BD1-938C-B6728E3B549B}"
EndProject
Global
	GlobalSection(SolutionConfigurationPlatforms) = preSolution
		Debug|Any CPU = Debug|Any CPU
		Release|Any CPU = Release|Any CPU
	EndGlobalSection
	GlobalSection(ProjectConfigurationPlatforms) = postSolution
		{EDBDC0FE-837F-4BD1-938C-B6728E3B549B}.Debug|Any CPU.ActiveCfg = Debug|Any CPU
		{EDBDC0FE-837F-4BD1-938C-B6728E3B549B}.Debug|Any CPU.Build.0 = Debug|Any CPU
		{EDBDC0FE-837F-4BD1-938C-B6728E3B549B}.Release|Any CPU.ActiveCfg = Release|Any CPU
		{EDBDC0FE-837F-4BD1-938C-B6728E3B549B}.Release|Any CPU.Build.0 = Release|Any CPU
	EndGlobalSection
	GlobalSection(SolutionProperties) = preSolution
		HideSolutionNode = FALSE
	EndGlobalSection
	GlobalSection(ExtensibilityGlobals) = postSolution
		SolutionGuid = {C01B718B-C6AD-4E3E-99B7-F3366B2E59EC}
	EndGlobalSection
EndGlobal
